{
  "version": 4,
  "terraform_version": "0.12.25",
  "serial": 42,
  "lineage": "54cd0dce-8819-1f74-f426-d3deb63facc8",
  "outputs": {
    "mysql01_instance_ip": {
      "value": "172.16.0.4",
      "type": "string"
    },
    "mysql01_instance_public_ip": {
      "value": "",
      "type": "string"
    },
    "mysql_fqdn": {
      "value": "mysql-training.mysql.database.azure.com",
      "type": "string"
    }
  },
  "resources": [
    {
      "mode": "managed",
      "type": "azurerm_mysql_database",
      "name": "training",
      "provider": "provider.azurerm",
      "instances": [
        {
          "schema_version": 0,
          "attributes": {
            "charset": "utf8",
            "collation": "utf8_unicode_ci",
            "id": "/subscriptions/53e27966-3c0c-4161-9b47-3df43eabc630/resourceGroups/testmysql/providers/Microsoft.DBforMySQL/servers/mysql-training/databases/testmysqldb",
            "name": "testmysqldb",
            "resource_group_name": "testmysql",
            "server_name": "mysql-training"
          },
          "private": "bnVsbA==",
          "dependencies": [
            "azurerm_mysql_server.testmysql",
            "azurerm_resource_group.testmysql"
          ]
        }
      ]
    },
    {
      "mode": "managed",
      "type": "azurerm_mysql_firewall_rule",
      "name": "testmysql-allow-testmysql-instance",
      "provider": "provider.azurerm",
      "instances": [
        {
          "schema_version": 0,
          "attributes": {
            "end_ip_address": "172.16.0.4",
            "id": "/subscriptions/53e27966-3c0c-4161-9b47-3df43eabc630/resourceGroups/testmysql/providers/Microsoft.DBforMySQL/servers/mysql-training/firewallRules/mysql-testmysql-instance",
            "name": "mysql-testmysql-instance",
            "resource_group_name": "testmysql",
            "server_name": "mysql-training",
            "start_ip_address": "172.16.0.4"
          },
          "private": "bnVsbA==",
          "dependencies": [
            "azurerm_mysql_server.testmysql",
            "azurerm_network_interface.mysql01-instance",
            "azurerm_network_security_group.allow-ssh",
            "azurerm_public_ip.mysql01-instance",
            "azurerm_resource_group.testmysql",
            "azurerm_subnet.testmysql-internal-1",
            "azurerm_virtual_network.testmysql"
          ]
        }
      ]
    },
    {
      "mode": "managed",
      "type": "azurerm_mysql_server",
      "name": "testmysql",
      "provider": "provider.azurerm",
      "instances": [
        {
          "schema_version": 0,
          "attributes": {
            "administrator_login": "mysqladmin",
            "administrator_login_password": "P@s$w0rd!",
            "fqdn": "mysql-training.mysql.database.azure.com",
            "id": "/subscriptions/53e27966-3c0c-4161-9b47-3df43eabc630/resourceGroups/testmysql/providers/Microsoft.DBforMySQL/servers/mysql-training",
            "location": "westeurope",
            "name": "mysql-training",
            "resource_group_name": "testmysql",
            "sku": [
              {
                "capacity": 2,
                "family": "Gen5",
                "name": "GP_Gen5_2",
                "tier": "GeneralPurpose"
              }
            ],
            "ssl_enforcement": "Enabled",
            "storage_profile": [
              {
                "auto_grow": "Enabled",
                "backup_retention_days": 7,
                "geo_redundant_backup": "Disabled",
                "storage_mb": 5120
              }
            ],
            "tags": {},
            "version": "5.7"
          },
          "private": "bnVsbA==",
          "dependencies": [
            "azurerm_resource_group.testmysql"
          ]
        }
      ]
    },
    {
      "mode": "managed",
      "type": "azurerm_mysql_virtual_network_rule",
      "name": "testmysql-database-subnet-vnet-rule",
      "provider": "provider.azurerm",
      "instances": [
        {
          "schema_version": 0,
          "attributes": {
            "id": "/subscriptions/53e27966-3c0c-4161-9b47-3df43eabc630/resourceGroups/testmysql/providers/Microsoft.DBforMySQL/servers/mysql-training/virtualNetworkRules/mysql-vnet-rule",
            "name": "mysql-vnet-rule",
            "resource_group_name": "testmysql",
            "server_name": "mysql-training",
            "subnet_id": "/subscriptions/53e27966-3c0c-4161-9b47-3df43eabc630/resourceGroups/testmysql/providers/Microsoft.Network/virtualNetworks/mysql01-network/subnets/mysql01-database-1"
          },
          "private": "bnVsbA==",
          "dependencies": [
            "azurerm_mysql_server.testmysql",
            "azurerm_resource_group.testmysql",
            "azurerm_subnet.testmysql-database-1",
            "azurerm_virtual_network.testmysql"
          ]
        }
      ]
    },
    {
      "mode": "managed",
      "type": "azurerm_mysql_virtual_network_rule",
      "name": "testmysql-subnet-vnet-rule",
      "provider": "provider.azurerm",
      "instances": [
        {
          "schema_version": 0,
          "attributes": {
            "id": "/subscriptions/53e27966-3c0c-4161-9b47-3df43eabc630/resourceGroups/testmysql/providers/Microsoft.DBforMySQL/servers/mysql-training/virtualNetworkRules/mysql-testmysql-subnet-vnet-rule",
            "name": "mysql-testmysql-subnet-vnet-rule",
            "resource_group_name": "testmysql",
            "server_name": "mysql-training",
            "subnet_id": "/subscriptions/53e27966-3c0c-4161-9b47-3df43eabc630/resourceGroups/testmysql/providers/Microsoft.Network/virtualNetworks/mysql01-network/subnets/mysql01-internal-1"
          },
          "private": "bnVsbA==",
          "dependencies": [
            "azurerm_mysql_server.testmysql",
            "azurerm_resource_group.testmysql",
            "azurerm_subnet.testmysql-internal-1",
            "azurerm_virtual_network.testmysql"
          ]
        }
      ]
    },
    {
      "mode": "managed",
      "type": "azurerm_network_interface",
      "name": "mysql01-instance",
      "provider": "provider.azurerm",
      "instances": [
        {
          "schema_version": 0,
          "attributes": {
            "applied_dns_servers": [],
            "dns_servers": [],
            "enable_accelerated_networking": false,
            "enable_ip_forwarding": false,
            "id": "/subscriptions/53e27966-3c0c-4161-9b47-3df43eabc630/resourceGroups/testmysql/providers/Microsoft.Network/networkInterfaces/mysql01-instance1",
            "internal_dns_name_label": "",
            "internal_fqdn": "",
            "ip_configuration": [
              {
                "application_gateway_backend_address_pools_ids": [],
                "application_security_group_ids": [],
                "load_balancer_backend_address_pools_ids": [],
                "load_balancer_inbound_nat_rules_ids": [],
                "name": "instance1",
                "primary": true,
                "private_ip_address": "",
                "private_ip_address_allocation": "dynamic",
                "private_ip_address_version": "IPv4",
                "public_ip_address_id": "/subscriptions/53e27966-3c0c-4161-9b47-3df43eabc630/resourceGroups/testmysql/providers/Microsoft.Network/publicIPAddresses/instance1-public-ip",
                "subnet_id": "/subscriptions/53e27966-3c0c-4161-9b47-3df43eabc630/resourceGroups/testmysql/providers/Microsoft.Network/virtualNetworks/mysql01-network/subnets/mysql01-internal-1"
              }
            ],
            "location": "westeurope",
            "mac_address": "",
            "name": "mysql01-instance1",
            "network_security_group_id": "/subscriptions/53e27966-3c0c-4161-9b47-3df43eabc630/resourceGroups/testmysql/providers/Microsoft.Network/networkSecurityGroups/mysql01-allow-ssh",
            "private_ip_address": "172.16.0.4",
            "private_ip_addresses": [
              "172.16.0.4"
            ],
            "resource_group_name": "testmysql",
            "tags": {},
            "virtual_machine_id": null
          },
          "private": "bnVsbA==",
          "dependencies": [
            "azurerm_network_security_group.allow-ssh",
            "azurerm_public_ip.mysql01-instance",
            "azurerm_resource_group.testmysql",
            "azurerm_subnet.testmysql-internal-1",
            "azurerm_virtual_network.testmysql"
          ]
        }
      ]
    },
    {
      "mode": "managed",
      "type": "azurerm_network_security_group",
      "name": "allow-ssh",
      "provider": "provider.azurerm",
      "instances": [
        {
          "schema_version": 0,
          "attributes": {
            "id": "/subscriptions/53e27966-3c0c-4161-9b47-3df43eabc630/resourceGroups/testmysql/providers/Microsoft.Network/networkSecurityGroups/mysql01-allow-ssh",
            "location": "westeurope",
            "name": "mysql01-allow-ssh",
            "resource_group_name": "testmysql",
            "security_rule": [
              {
                "access": "Allow",
                "description": "",
                "destination_address_prefix": "*",
                "destination_address_prefixes": [],
                "destination_application_security_group_ids": [],
                "destination_port_range": "22",
                "destination_port_ranges": [],
                "direction": "Inbound",
                "name": "SSH",
                "priority": 310,
                "protocol": "Tcp",
                "source_address_prefix": "*",
                "source_address_prefixes": [],
                "source_application_security_group_ids": [],
                "source_port_range": "*",
                "source_port_ranges": []
              }
            ],
            "tags": {}
          },
          "private": "bnVsbA==",
          "dependencies": [
            "azurerm_resource_group.testmysql"
          ]
        }
      ]
    },
    {
      "mode": "managed",
      "type": "azurerm_public_ip",
      "name": "mysql01-instance",
      "provider": "provider.azurerm",
      "instances": [
        {
          "schema_version": 0,
          "attributes": {
            "allocation_method": "Dynamic",
            "domain_name_label": null,
            "fqdn": null,
            "id": "/subscriptions/53e27966-3c0c-4161-9b47-3df43eabc630/resourceGroups/testmysql/providers/Microsoft.Network/publicIPAddresses/instance1-public-ip",
            "idle_timeout_in_minutes": 4,
            "ip_address": "",
            "ip_version": "IPv4",
            "location": "westeurope",
            "name": "instance1-public-ip",
            "public_ip_address_allocation": "Dynamic",
            "public_ip_prefix_id": null,
            "resource_group_name": "testmysql",
            "reverse_fqdn": null,
            "sku": "Basic",
            "tags": {},
            "zones": null
          },
          "private": "bnVsbA==",
          "dependencies": [
            "azurerm_resource_group.testmysql"
          ]
        }
      ]
    },
    {
      "mode": "managed",
      "type": "azurerm_resource_group",
      "name": "testmysql",
      "provider": "provider.azurerm",
      "instances": [
        {
          "schema_version": 0,
          "attributes": {
            "id": "/subscriptions/53e27966-3c0c-4161-9b47-3df43eabc630/resourceGroups/testmysql",
            "location": "westeurope",
            "name": "testmysql",
            "tags": {}
          },
          "private": "bnVsbA=="
        }
      ]
    },
    {
      "mode": "managed",
      "type": "azurerm_subnet",
      "name": "testmysql-database-1",
      "provider": "provider.azurerm",
      "instances": [
        {
          "schema_version": 0,
          "attributes": {
            "address_prefix": "172.16.1.0/24",
            "delegation": [],
            "id": "/subscriptions/53e27966-3c0c-4161-9b47-3df43eabc630/resourceGroups/testmysql/providers/Microsoft.Network/virtualNetworks/mysql01-network/subnets/mysql01-database-1",
            "ip_configurations": [],
            "name": "mysql01-database-1",
            "network_security_group_id": "",
            "resource_group_name": "testmysql",
            "route_table_id": "",
            "service_endpoints": [
              "Microsoft.Sql"
            ],
            "virtual_network_name": "mysql01-network"
          },
          "private": "bnVsbA==",
          "dependencies": [
            "azurerm_resource_group.testmysql",
            "azurerm_virtual_network.testmysql"
          ]
        }
      ]
    },
    {
      "mode": "managed",
      "type": "azurerm_subnet",
      "name": "testmysql-internal-1",
      "provider": "provider.azurerm",
      "instances": [
        {
          "schema_version": 0,
          "attributes": {
            "address_prefix": "172.16.0.0/24",
            "delegation": [],
            "id": "/subscriptions/53e27966-3c0c-4161-9b47-3df43eabc630/resourceGroups/testmysql/providers/Microsoft.Network/virtualNetworks/mysql01-network/subnets/mysql01-internal-1",
            "ip_configurations": [],
            "name": "mysql01-internal-1",
            "network_security_group_id": "",
            "resource_group_name": "testmysql",
            "route_table_id": "",
            "service_endpoints": [
              "Microsoft.Sql"
            ],
            "virtual_network_name": "mysql01-network"
          },
          "private": "bnVsbA==",
          "dependencies": [
            "azurerm_resource_group.testmysql",
            "azurerm_virtual_network.testmysql"
          ]
        }
      ]
    },
    {
      "mode": "managed",
      "type": "azurerm_virtual_machine",
      "name": "testmysql-instance",
      "provider": "provider.azurerm",
      "instances": [
        {
          "schema_version": 0,
          "attributes": {
            "additional_capabilities": [],
            "availability_set_id": null,
            "boot_diagnostics": [],
            "delete_data_disks_on_termination": true,
            "delete_os_disk_on_termination": true,
            "id": "/subscriptions/53e27966-3c0c-4161-9b47-3df43eabc630/resourceGroups/testmysql/providers/Microsoft.Compute/virtualMachines/mysql01-vm",
            "identity": [],
            "license_type": null,
            "location": "westeurope",
            "name": "mysql01-vm",
            "network_interface_ids": [
              "/subscriptions/53e27966-3c0c-4161-9b47-3df43eabc630/resourceGroups/testmysql/providers/Microsoft.Network/networkInterfaces/mysql01-instance1"
            ],
            "os_profile": [
              {
                "admin_password": "",
                "admin_username": "linuxusr",
                "computer_name": "mysql01-instance",
                "custom_data": ""
              }
            ],
            "os_profile_linux_config": [
              {
                "disable_password_authentication": true,
                "ssh_keys": [
                  {
                    "key_data": "---- BEGIN SSH2 PUBLIC KEY ----\r\nComment: \"rsa-key-20200518\"\r\nAAAAB3NzaC1yc2EAAAABJQAAAQEAiudpX3pNZszPf5FTn64acsEzegMyGEIRV0PT\r\njKpZKoWqbNcm6ky8fKu1c3nbzVciNewftYqOkTn8zflP7AahKxKiB5qD2rUgMgdM\r\nKMapBUAfxN4LlPQgFUdtPR5R4xV5ka5ti95+x5hsh8XrafnH3gzNSWXbQTaP/ZW0\r\nU/b/5d8hJCLM6v1n49kAx1jB/lAE8lD8UWQb9+FTdjOZCfyYvsttTIy4oDr0HWKw\r\nhFsgVFM+yMPlg2rUyOThmhXJOg78mQgXT5Aq4g9kxzrT8KHl5GnFk20knYRMOmZg\r\niyU8iTABdJdurS4Ar5zmdWpt5Sdn5XE6/nX+26udDXzSkia03Q==\r\n---- END SSH2 PUBLIC KEY ----\r\n",
                    "path": "/home/linuxusr/.ssh/authorized_keys"
                  }
                ]
              }
            ],
            "os_profile_secrets": [],
            "os_profile_windows_config": [],
            "plan": [],
            "primary_network_interface_id": null,
            "proximity_placement_group_id": null,
            "resource_group_name": "testmysql",
            "storage_data_disk": [],
            "storage_image_reference": [
              {
                "id": "",
                "offer": "UbuntuServer",
                "publisher": "Canonical",
                "sku": "18.04-LTS",
                "version": "latest"
              }
            ],
            "storage_os_disk": [
              {
                "caching": "ReadWrite",
                "create_option": "FromImage",
                "disk_size_gb": 30,
                "image_uri": "",
                "managed_disk_id": "/subscriptions/53e27966-3c0c-4161-9b47-3df43eabc630/resourceGroups/TESTMYSQL/providers/Microsoft.Compute/disks/myosdisk1",
                "managed_disk_type": "Standard_LRS",
                "name": "myosdisk1",
                "os_type": "Linux",
                "vhd_uri": "",
                "write_accelerator_enabled": false
              }
            ],
            "tags": {},
            "vm_size": "Standard_A1_v2",
            "zones": null
          },
          "private": "bnVsbA==",
          "dependencies": [
            "azurerm_network_interface.mysql01-instance",
            "azurerm_network_security_group.allow-ssh",
            "azurerm_public_ip.mysql01-instance",
            "azurerm_resource_group.testmysql",
            "azurerm_subnet.testmysql-internal-1",
            "azurerm_virtual_network.testmysql"
          ]
        }
      ]
    },
    {
      "mode": "managed",
      "type": "azurerm_virtual_network",
      "name": "testmysql",
      "provider": "provider.azurerm",
      "instances": [
        {
          "schema_version": 0,
          "attributes": {
            "address_space": [
              "172.16.0.0/16"
            ],
            "ddos_protection_plan": [],
            "dns_servers": null,
            "id": "/subscriptions/53e27966-3c0c-4161-9b47-3df43eabc630/resourceGroups/testmysql/providers/Microsoft.Network/virtualNetworks/mysql01-network",
            "location": "westeurope",
            "name": "mysql01-network",
            "resource_group_name": "testmysql",
            "subnet": [],
            "tags": {}
          },
          "private": "bnVsbA==",
          "dependencies": [
            "azurerm_resource_group.testmysql"
          ]
        }
      ]
    }
  ]
}
